// !$*UTF8*$!
{
	archiveVersion = 1;
	classes = {
	};
	objectVersion = 46;
	objects = {

/* Begin PBXBuildFile section */
		90C1AE3D1C75C464008ACFB3 /* AppDelegate.swift in Sources */ = {isa = PBXBuildFile; fileRef = 90C1AE3C1C75C464008ACFB3 /* AppDelegate.swift */; };
		90C1AE3F1C75C464008ACFB3 /* ViewController.swift in Sources */ = {isa = PBXBuildFile; fileRef = 90C1AE3E1C75C464008ACFB3 /* ViewController.swift */; };
		90C1AE421C75C464008ACFB3 /* Main.storyboard in Resources */ = {isa = PBXBuildFile; fileRef = 90C1AE401C75C464008ACFB3 /* Main.storyboard */; };
		90C1AE441C75C464008ACFB3 /* Assets.xcassets in Resources */ = {isa = PBXBuildFile; fileRef = 90C1AE431C75C464008ACFB3 /* Assets.xcassets */; };
		90C1AE471C75C464008ACFB3 /* LaunchScreen.storyboard in Resources */ = {isa = PBXBuildFile; fileRef = 90C1AE451C75C464008ACFB3 /* LaunchScreen.storyboard */; };
		90C1AE521C75C464008ACFB3 /* SwiftSnippetsTests.swift in Sources */ = {isa = PBXBuildFile; fileRef = 90C1AE511C75C464008ACFB3 /* SwiftSnippetsTests.swift */; };
		90C1AE5D1C75C464008ACFB3 /* SwiftSnippetsUITests.swift in Sources */ = {isa = PBXBuildFile; fileRef = 90C1AE5C1C75C464008ACFB3 /* SwiftSnippetsUITests.swift */; };
/* End PBXBuildFile section */

/* Begin PBXContainerItemProxy section */
		90C1AE4E1C75C464008ACFB3 /* PBXContainerItemProxy */ = {
			isa = PBXContainerItemProxy;
			containerPortal = 90C1AE311C75C464008ACFB3 /* Project object */;
			proxyType = 1;
			remoteGlobalIDString = 90C1AE381C75C464008ACFB3;
			remoteInfo = SwiftSnippets;
		};
		90C1AE591C75C464008ACFB3 /* PBXContainerItemProxy */ = {
			isa = PBXContainerItemProxy;
			containerPortal = 90C1AE311C75C464008ACFB3 /* Project object */;
			proxyType = 1;
			remoteGlobalIDString = 90C1AE381C75C464008ACFB3;
			remoteInfo = SwiftSnippets;
		};
/* End PBXContainerItemProxy section */

/* Begin PBXFileReference section */
		90C1AE391C75C464008ACFB3 /* SwiftSnippets.app */ = {isa = PBXFileReference; explicitFileType = wrapper.application; includeInIndex = 0; path = SwiftSnippets.app; sourceTree = BUILT_PRODUCTS_DIR; };
		90C1AE3C1C75C464008ACFB3 /* AppDelegate.swift */ = {isa = PBXFileReference; lastKnownFileType = sourcecode.swift; path = AppDelegate.swift; sourceTree = "<group>"; };
		90C1AE3E1C75C464008ACFB3 /* ViewController.swift */ = {isa = PBXFileReference; lastKnownFileType = sourcecode.swift; path = ViewController.swift; sourceTree = "<group>"; };
		90C1AE411C75C464008ACFB3 /* Base */ = {isa = PBXFileReference; lastKnownFileType = file.storyboard; name = Base; path = Base.lproj/Main.storyboard; sourceTree = "<group>"; };
		90C1AE431C75C464008ACFB3 /* Assets.xcassets */ = {isa = PBXFileReference; lastKnownFileType = folder.assetcatalog; path = Assets.xcassets; sourceTree = "<group>"; };
		90C1AE461C75C464008ACFB3 /* Base */ = {isa = PBXFileReference; lastKnownFileType = file.storyboard; name = Base; path = Base.lproj/LaunchScreen.storyboard; sourceTree = "<group>"; };
		90C1AE481C75C464008ACFB3 /* Info.plist */ = {isa = PBXFileReference; lastKnownFileType = text.plist.xml; path = Info.plist; sourceTree = "<group>"; };
		90C1AE4D1C75C464008ACFB3 /* SwiftSnippetsTests.xctest */ = {isa = PBXFileReference; explicitFileType = wrapper.cfbundle; includeInIndex = 0; path = SwiftSnippetsTests.xctest; sourceTree = BUILT_PRODUCTS_DIR; };
		90C1AE511C75C464008ACFB3 /* SwiftSnippetsTests.swift */ = {isa = PBXFileReference; lastKnownFileType = sourcecode.swift; path = SwiftSnippetsTests.swift; sourceTree = "<group>"; };
		90C1AE531C75C464008ACFB3 /* Info.plist */ = {isa = PBXFileReference; lastKnownFileType = text.plist.xml; path = Info.plist; sourceTree = "<group>"; };
		90C1AE581C75C464008ACFB3 /* SwiftSnippetsUITests.xctest */ = {isa = PBXFileReference; explicitFileType = wrapper.cfbundle; includeInIndex = 0; path = SwiftSnippetsUITests.xctest; sourceTree = BUILT_PRODUCTS_DIR; };
		90C1AE5C1C75C464008ACFB3 /* SwiftSnippetsUITests.swift */ = {isa = PBXFileReference; lastKnownFileType = sourcecode.swift; path = SwiftSnippetsUITests.swift; sourceTree = "<group>"; };
		90C1AE5E1C75C464008ACFB3 /* Info.plist */ = {isa = PBXFileReference; lastKnownFileType = text.plist.xml; path = Info.plist; sourceTree = "<group>"; };
/* End PBXFileReference section */

/* Begin PBXFrameworksBuildPhase section */
		90C1AE361C75C464008ACFB3 /* Frameworks */ = {
			isa = PBXFrameworksBuildPhase;
			buildActionMask = 2147483647;
			files = (
			);
			runOnlyForDeploymentPostprocessing = 0;
		};
		90C1AE4A1C75C464008ACFB3 /* Frameworks */ = {
			isa = PBXFrameworksBuildPhase;
			buildActionMask = 2147483647;
			files = (
			);
			runOnlyForDeploymentPostprocessing = 0;
		};
		90C1AE551C75C464008ACFB3 /* Frameworks */ = {
			isa = PBXFrameworksBuildPhase;
			buildActionMask = 2147483647;
			files = (
			);
			runOnlyForDeploymentPostprocessing = 0;
		};
/* End PBXFrameworksBuildPhase section */

/* Begin PBXGroup section */
		90C1AE301C75C464008ACFB3 = {
			isa = PBXGroup;
			children = (
				90C1AE3B1C75C464008ACFB3 /* SwiftSnippets */,
				90C1AE501C75C464008ACFB3 /* SwiftSnippetsTests */,
				90C1AE5B1C75C464008ACFB3 /* SwiftSnippetsUITests */,
				90C1AE3A1C75C464008ACFB3 /* Products */,
			);
			sourceTree = "<group>";
		};
		90C1AE3A1C75C464008ACFB3 /* Products */ = {
			isa = PBXGroup;
			children = (
				90C1AE391C75C464008ACFB3 /* SwiftSnippets.app */,
				90C1AE4D1C75C464008ACFB3 /* SwiftSnippetsTests.xctest */,
				90C1AE581C75C464008ACFB3 /* SwiftSnippetsUITests.xctest */,
			);
			name = Products;
			sourceTree = "<group>";
		};
		90C1AE3B1C75C464008ACFB3 /* SwiftSnippets */ = {
			isa = PBXGroup;
			children = (
				90C1AE3C1C75C464008ACFB3 /* AppDelegate.swift */,
				90C1AE3E1C75C464008ACFB3 /* ViewController.swift */,
				90C1AE401C75C464008ACFB3 /* Main.storyboard */,
				90C1AE431C75C464008ACFB3 /* Assets.xcassets */,
				90C1AE451C75C464008ACFB3 /* LaunchScreen.storyboard */,
				90C1AE481C75C464008ACFB3 /* Info.plist */,
			);
			path = SwiftSnippets;
			sourceTree = "<group>";
		};
		90C1AE501C75C464008ACFB3 /* SwiftSnippetsTests */ = {
			isa = PBXGroup;
			children = (
				90C1AE511C75C464008ACFB3 /* SwiftSnippetsTests.swift */,
				90C1AE531C75C464008ACFB3 /* Info.plist */,
			);
			path = SwiftSnippetsTests;
			sourceTree = "<group>";
		};
		90C1AE5B1C75C464008ACFB3 /* SwiftSnippetsUITests */ = {
			isa = PBXGroup;
			children = (
				90C1AE5C1C75C464008ACFB3 /* SwiftSnippetsUITests.swift */,
				90C1AE5E1C75C464008ACFB3 /* Info.plist */,
			);
			path = SwiftSnippetsUITests;
			sourceTree = "<group>";
		};
/* End PBXGroup section */

/* Begin PBXNativeTarget section */
		90C1AE381C75C464008ACFB3 /* SwiftSnippets */ = {
			isa = PBXNativeTarget;
			buildConfigurationList = 90C1AE611C75C464008ACFB3 /* Build configuration list for PBXNativeTarget "SwiftSnippets" */;
			buildPhases = (
				90C1AE351C75C464008ACFB3 /* Sources */,
				90C1AE361C75C464008ACFB3 /* Frameworks */,
				90C1AE371C75C464008ACFB3 /* Resources */,
			);
			buildRules = (
			);
			dependencies = (
			);
			name = SwiftSnippets;
			productName = SwiftSnippets;
			productReference = 90C1AE391C75C464008ACFB3 /* SwiftSnippets.app */;
			productType = "com.apple.product-type.application";
		};
		90C1AE4C1C75C464008ACFB3 /* SwiftSnippetsTests */ = {
			isa = PBXNativeTarget;
			buildConfigurationList = 90C1AE641C75C464008ACFB3 /* Build configuration list for PBXNativeTarget "SwiftSnippetsTests" */;
			buildPhases = (
				90C1AE491C75C464008ACFB3 /* Sources */,
				90C1AE4A1C75C464008ACFB3 /* Frameworks */,
				90C1AE4B1C75C464008ACFB3 /* Resources */,
			);
			buildRules = (
			);
			dependencies = (
				90C1AE4F1C75C464008ACFB3 /* PBXTargetDependency */,
			);
			name = SwiftSnippetsTests;
			productName = SwiftSnippetsTests;
			productReference = 90C1AE4D1C75C464008ACFB3 /* SwiftSnippetsTests.xctest */;
			productType = "com.apple.product-type.bundle.unit-test";
		};
		90C1AE571C75C464008ACFB3 /* SwiftSnippetsUITests */ = {
			isa = PBXNativeTarget;
			buildConfigurationList = 90C1AE671C75C464008ACFB3 /* Build configuration list for PBXNativeTarget "SwiftSnippetsUITests" */;
			buildPhases = (
				90C1AE541C75C464008ACFB3 /* Sources */,
				90C1AE551C75C464008ACFB3 /* Frameworks */,
				90C1AE561C75C464008ACFB3 /* Resources */,
			);
			buildRules = (
			);
			dependencies = (
				90C1AE5A1C75C464008ACFB3 /* PBXTargetDependency */,
			);
			name = SwiftSnippetsUITests;
			productName = SwiftSnippetsUITests;
			productReference = 90C1AE581C75C464008ACFB3 /* SwiftSnippetsUITests.xctest */;
			productType = "com.apple.product-type.bundle.ui-testing";
		};
/* End PBXNativeTarget section */

/* Begin PBXProject section */
		90C1AE311C75C464008ACFB3 /* Project object */ = {
			isa = PBXProject;
			attributes = {
				LastSwiftUpdateCheck = 0720;
				LastUpgradeCheck = 0720;
				ORGANIZATIONNAME = SeemaKadavan;
				TargetAttributes = {
					90C1AE381C75C464008ACFB3 = {
						CreatedOnToolsVersion = 7.2;
					};
					90C1AE4C1C75C464008ACFB3 = {
						CreatedOnToolsVersion = 7.2;
						TestTargetID = 90C1AE381C75C464008ACFB3;
					};
					90C1AE571C75C464008ACFB3 = {
						CreatedOnToolsVersion = 7.2;
						TestTargetID = 90C1AE381C75C464008ACFB3;
					};
				};
			};
			buildConfigurationList = 90C1AE341C75C464008ACFB3 /* Build configuration list for PBXProject "SwiftSnippets" */;
			compatibilityVersion = "Xcode 3.2";
			developmentRegion = English;
			hasScannedForEncodings = 0;
			knownRegions = (
				en,
				Base,
			);
			mainGroup = 90C1AE301C75C464008ACFB3;
			productRefGroup = 90C1AE3A1C75C464008ACFB3 /* Products */;
			projectDirPath = "";
			projectRoot = "";
			targets = (
				90C1AE381C75C464008ACFB3 /* SwiftSnippets */,
				90C1AE4C1C75C464008ACFB3 /* SwiftSnippetsTests */,
				90C1AE571C75C464008ACFB3 /* SwiftSnippetsUITests */,
			);
		};
/* End PBXProject section */

/* Begin PBXResourcesBuildPhase section */
		90C1AE371C75C464008ACFB3 /* Resources */ = {
			isa = PBXResourcesBuildPhase;
			buildActionMask = 2147483647;
			files = (
				90C1AE471C75C464008ACFB3 /* LaunchScreen.storyboard in Resources */,
				90C1AE441C75C464008ACFB3 /* Assets.xcassets in Resources */,
				90C1AE421C75C464008ACFB3 /* Main.storyboard in Resources */,
			);
			runOnlyForDeploymentPostprocessing = 0;
		};
		90C1AE4B1C75C464008ACFB3 /* Resources */ = {
			isa = PBXResourcesBuildPhase;
			buildActionMask = 2147483647;
			files = (
			);
			runOnlyForDeploymentPostprocessing = 0;
		};
		90C1AE561C75C464008ACFB3 /* Resources */ = {
			isa = PBXResourcesBuildPhase;
			buildActionMask = 2147483647;
			files = (
			);
			runOnlyForDeploymentPostprocessing = 0;
		};
/* End PBXResourcesBuildPhase section */

/* Begin PBXSourcesBuildPhase section */
		90C1AE351C75C464008ACFB3 /* Sources */ = {
			isa = PBXSourcesBuildPhase;
			buildActionMask = 2147483647;
			files = (
				90C1AE3F1C75C464008ACFB3 /* ViewController.swift in Sources */,
				90C1AE3D1C75C464008ACFB3 /* AppDelegate.swift in Sources */,
			);
			runOnlyForDeploymentPostprocessing = 0;
		};
		90C1AE491C75C464008ACFB3 /* Sources */ = {
			isa = PBXSourcesBuildPhase;
			buildActionMask = 2147483647;
			files = (
				90C1AE521C75C464008ACFB3 /* SwiftSnippetsTests.swift in Sources */,
			);
			runOnlyForDeploymentPostprocessing = 0;
		};
		90C1AE541C75C464008ACFB3 /* Sources */ = {
			isa = PBXSourcesBuildPhase;
			buildActionMask = 2147483647;
			files = (
				90C1AE5D1C75C464008ACFB3 /* SwiftSnippetsUITests.swift in Sources */,
			);
			runOnlyForDeploymentPostprocessing = 0;
		};
/* End PBXSourcesBuildPhase section */

/* Begin PBXTargetDependency section */
		90C1AE4F1C75C464008ACFB3 /* PBXTargetDependency */ = {
			isa = PBXTargetDependency;
			target = 90C1AE381C75C464008ACFB3 /* SwiftSnippets */;
			targetProxy = 90C1AE4E1C75C464008ACFB3 /* PBXContainerItemProxy */;
		};
		90C1AE5A1C75C464008ACFB3 /* PBXTargetDependency */ = {
			isa = PBXTargetDependency;
			target = 90C1AE381C75C464008ACFB3 /* SwiftSnippets */;
			targetProxy = 90C1AE591C75C464008ACFB3 /* PBXContainerItemProxy */;
		};
/* End PBXTargetDependency section */

/* Begin PBXVariantGroup section */
		90C1AE401C75C464008ACFB3 /* Main.storyboard */ = {
			isa = PBXVariantGroup;
			children = (
				90C1AE411C75C464008ACFB3 /* Base */,
			);
			name = Main.storyboard;
			sourceTree = "<group>";
		};
		90C1AE451C75C464008ACFB3 /* LaunchScreen.storyboard */ = {
			isa = PBXVariantGroup;
			children = (
				90C1AE461C75C464008ACFB3 /* Base */,
			);
			name = LaunchScreen.storyboard;
			sourceTree = "<group>";
		};
/* End PBXVariantGroup section */

/* Begin XCBuildConfiguration section */
		90C1AE5F1C75C464008ACFB3 /* Debug */ = {
			isa = XCBuildConfiguration;
			buildSettings = {
				ALWAYS_SEARCH_USER_PATHS = NO;
				CLANG_CXX_LANGUAGE_STANDARD = "gnu++0x";
				CLANG_CXX_LIBRARY = "libc++";
				CLANG_ENABLE_MODULES = YES;
				CLANG_ENABLE_OBJC_ARC = YES;
				CLANG_WARN_BOOL_CONVERSION = YES;
				CLANG_WARN_CONSTANT_CONVERSION = YES;
				CLANG_WARN_DIRECT_OBJC_ISA_USAGE = YES_ERROR;
				CLANG_WARN_EMPTY_BODY = YES;
				CLANG_WARN_ENUM_CONVERSION = YES;
				CLANG_WARN_INT_CONVERSION = YES;
				CLANG_WARN_OBJC_ROOT_CLASS = YES_ERROR;
				CLANG_WARN_UNREACHABLE_CODE = YES;
				CLANG_WARN__DUPLICATE_METHOD_MATCH = YES;
				"CODE_SIGN_IDENTITY[sdk=iphoneos*]" = "iPhone Developer";
				COPY_PHASE_STRIP = NO;
				DEBUG_INFORMATION_FORMAT = dwarf;
				ENABLE_STRICT_OBJC_MSGSEND = YES;
				ENABLE_TESTABILITY = YES;
				GCC_C_LANGUAGE_STANDARD = gnu99;
				GCC_DYNAMIC_NO_PIC = NO;
				GCC_NO_COMMON_BLOCKS = YES;
				GCC_OPTIMIZATION_LEVEL = 0;
				GCC_PREPROCESSOR_DEFINITIONS = (
					"DEBUG=1",
					"$(inherited)",
				);
				GCC_WARN_64_TO_32_BIT_CONVERSION = YES;
				GCC_WARN_ABOUT_RETURN_TYPE = YES_ERROR;
				GCC_WARN_UNDECLARED_SELECTOR = YES;
				GCC_WARN_UNINITIALIZED_AUTOS = YES_AGGRESSIVE;
				GCC_WARN_UNUSED_FUNCTION = YES;
				GCC_WARN_UNUSED_VARIABLE = YES;
				IPHONEOS_DEPLOYMENT_TARGET = 9.2;
				MTL_ENABLE_DEBUG_INFO = YES;
				ONLY_ACTIVE_ARCH = YES;
				SDKROOT = iphoneos;
				SWIFT_OPTIMIZATION_LEVEL = "-Onone";
				TARGETED_DEVICE_FAMILY = "1,2";
			};
			name = Debug;
		};
		90C1AE601C75C464008ACFB3 /* Release */ = {
			isa = XCBuildConfiguration;
			buildSettings = {
				ALWAYS_SEARCH_USER_PATHS = NO;
				CLANG_CXX_LANGUAGE_STANDARD = "gnu++0x";
				CLANG_CXX_LIBRARY = "libc++";
				CLANG_ENABLE_MODULES = YES;
				CLANG_ENABLE_OBJC_ARC = YES;
				CLANG_WARN_BOOL_CONVERSION = YES;
				CLANG_WARN_CONSTANT_CONVERSION = YES;
				CLANG_WARN_DIRECT_OBJC_ISA_USAGE = YES_ERROR;
				CLANG_WARN_EMPTY_BODY = YES;
				CLANG_WARN_ENUM_CONVERSION = YES;
				CLANG_WARN_INT_CONVERSION = YES;
				CLANG_WARN_OBJC_ROOT_CLASS = YES_ERROR;
				CLANG_WARN_UNREACHABLE_CODE = YES;
				CLANG_WARN__DUPLICATE_METHOD_MATCH = YES;
				"CODE_SIGN_IDENTITY[sdk=iphoneos*]" = "iPhone Developer";
				COPY_PHASE_STRIP = NO;
				DEBUG_INFORMATION_FORMAT = "dwarf-with-dsym";
				ENABLE_NS_ASSERTIONS = NO;
				ENABLE_STRICT_OBJC_MSGSEND = YES;
				GCC_C_LANGUAGE_STANDARD = gnu99;
				GCC_NO_COMMON_BLOCKS = YES;
				GCC_WARN_64_TO_32_BIT_CONVERSION = YES;
				GCC_WARN_ABOUT_RETURN_TYPE = YES_ERROR;
				GCC_WARN_UNDECLARED_SELECTOR = YES;
				GCC_WARN_UNINITIALIZED_AUTOS = YES_AGGRESSIVE;
				GCC_WARN_UNUSED_FUNCTION = YES;
				GCC_WARN_UNUSED_VARIABLE = YES;
				IPHONEOS_DEPLOYMENT_TARGET = 9.2;
				MTL_ENABLE_DEBUG_INFO = NO;
				SDKROOT = iphoneos;
				TARGETED_DEVICE_FAMILY = "1,2";
				VALIDATE_PRODUCT = YES;
			};
			name = Release;
		};
		90C1AE621C75C464008ACFB3 /* Debug */ = {
			isa = XCBuildConfiguration;
			buildSettings = {
				ASSETCATALOG_COMPILER_APPICON_NAME = AppIcon;
				INFOPLIST_FILE = SwiftSnippets/Info.plist;
				LD_RUNPATH_SEARCH_PATHS = "$(inherited) @executable_path/Frameworks";
				PRODUCT_BUNDLE_IDENTIFIER = com.samples.SwiftSnippets;
				PRODUCT_NAME = "$(TARGET_NAME)";
			};
			name = Debug;
		};
		90C1AE631C75C464008ACFB3 /* Release */ = {
			isa = XCBuildConfiguration;
			buildSettings = {
				ASSETCATALOG_COMPILER_APPICON_NAME = AppIcon;
				INFOPLIST_FILE = SwiftSnippets/Info.plist;
				LD_RUNPATH_SEARCH_PATHS = "$(inherited) @executable_path/Frameworks";
				PRODUCT_BUNDLE_IDENTIFIER = com.samples.SwiftSnippets;
				PRODUCT_NAME = "$(TARGET_NAME)";
			};
			name = Release;
		};
		90C1AE651C75C464008ACFB3 /* Debug */ = {
			isa = XCBuildConfiguration;
			buildSettings = {
				BUNDLE_LOADER = "$(TEST_HOST)";
				INFOPLIST_FILE = SwiftSnippetsTests/Info.plist;
				LD_RUNPATH_SEARCH_PATHS = "$(inherited) @executable_path/Frameworks @loader_path/Frameworks";
				PRODUCT_BUNDLE_IDENTIFIER = com.samples.SwiftSnippetsTests;
				PRODUCT_NAME = "$(TARGET_NAME)";
				TEST_HOST = "$(BUILT_PRODUCTS_DIR)/SwiftSnippets.app/SwiftSnippets";
			};
			name = Debug;
		};
		90C1AE661C75C464008ACFB3 /* Release */ = {
			isa = XCBuildConfiguration;
			buildSettings = {
				BUNDLE_LOADER = "$(TEST_HOST)";
				INFOPLIST_FILE = SwiftSnippetsTests/Info.plist;
				LD_RUNPATH_SEARCH_PATHS = "$(inherited) @executable_path/Frameworks @loader_path/Frameworks";
				PRODUCT_BUNDLE_IDENTIFIER = com.samples.SwiftSnippetsTests;
				PRODUCT_NAME = "$(TARGET_NAME)";
				TEST_HOST = "$(BUILT_PRODUCTS_DIR)/SwiftSnippets.app/SwiftSnippets";
			};
			name = Release;
		};
		90C1AE681C75C464008ACFB3 /* Debug */ = {
			isa = XCBuildConfiguration;
			buildSettings = {
				INFOPLIST_FILE = SwiftSnippetsUITests/Info.plist;
				LD_RUNPATH_SEARCH_PATHS = "$(inherited) @executable_path/Frameworks @loader_path/Frameworks";
				PRODUCT_BUNDLE_IDENTIFIER = com.samples.SwiftSnippetsUITests;
				PRODUCT_NAME = "$(TARGET_NAME)";
				TEST_TARGET_NAME = SwiftSnippets;
				USES_XCTRUNNER = YES;
			};
			name = Debug;
		};
		90C1AE691C75C464008ACFB3 /* Release */ = {
			isa = XCBuildConfiguration;
			buildSettings = {
				INFOPLIST_FILE = SwiftSnippetsUITests/Info.plist;
				LD_RUNPATH_SEARCH_PATHS = "$(inherited) @executable_path/Frameworks @loader_path/Frameworks";
				PRODUCT_BUNDLE_IDENTIFIER = com.samples.SwiftSnippetsUITests;
				PRODUCT_NAME = "$(TARGET_NAME)";
				TEST_TARGET_NAME = SwiftSnippets;
				USES_XCTRUNNER = YES;
			};
			name = Release;
		};
/* End XCBuildConfiguration section */

/* Begin XCConfigurationList section */
		90C1AE341C75C464008ACFB3 /* Build configuration list for PBXProject "SwiftSnippets" */ = {
			isa = XCConfigurationList;
			buildConfigurations = (
				90C1AE5F1C75C464008ACFB3 /* Debug */,
				90C1AE601C75C464008ACFB3 /* Release */,
			);
			defaultConfigurationIsVisible = 0;
			defaultConfigurationName = Release;
		};
		90C1AE611C75C464008ACFB3 /* Build configuration list for PBXNativeTarget "SwiftSnippets" */ = {
			isa = XCConfigurationList;
			buildConfigurations = (
				90C1AE621C75C464008ACFB3 /* Debug */,
				90C1AE631C75C464008ACFB3 /* Release */,
			);
			defaultConfigurationIsVisible = 0;
		};
		90C1AE641C75C464008ACFB3 /* Build configuration list for PBXNativeTarget "SwiftSnippetsTests" */ = {
			isa = XCConfigurationList;
			buildConfigurations = (
				90C1AE651C75C464008ACFB3 /* Debug */,
				90C1AE661C75C464008ACFB3 /* Release */,
			);
			defaultConfigurationIsVisible = 0;
		};
		90C1AE671C75C464008ACFB3 /* Build configuration list for PBXNativeTarget "SwiftSnippetsUITests" */ = {
			isa = XCConfigurationList;
			buildConfigurations = (
				90C1AE681C75C464008ACFB3 /* Debug */,
				90C1AE691C75C464008ACFB3 /* Release */,
			);
			defaultConfigurationIsVisible = 0;
		};
/* End XCConfigurationList section */
	};
	rootObject = 90C1AE311C75C464008ACFB3 /* Project object */;
}
